<?xml version="1.0" encoding="UTF-8" standalone="yes" ?>
<CodeBlocks_project_file>
	<FileVersion major="1" minor="6" />
	<Project>
		<Option title="fltk_libuvc_test" />
		<Option pch_mode="2" />
		<Option compiler="gcc" />
		<Build>
			<Target title="Debug">
				<Option output="bin/Debug/fltk_libuvc_test" prefix_auto="1" extension_auto="1" />
				<Option object_output="obj/Debug/" />
				<Option type="1" />
				<Option compiler="gcc" />
				<Compiler>
					<Add option="-g" />
				</Compiler>
			</Target>
			<Target title="Release">
				<Option output="bin/Release/fltk_libuvc_test" prefix_auto="1" extension_auto="1" />
				<Option object_output="obj/Release/" />
				<Option type="0" />
				<Option compiler="gcc" />
				<Compiler>
					<Add option="-O2" />
					<Add option="-s" />
				</Compiler>
			</Target>
		</Build>
		<Compiler>
			<Add option="-mms-bitfields" />
			<Add option="-static" />
			<Add option="-DWIN32" />
			<Add directory="$(#fl.include)" />
			<Add directory="$(#msyslocal.include)" />
			<Add directory="../include" />
			<Add directory="lib" />
		</Compiler>
		<Linker>
			<Add library="uvc" />
			<Add library="usb-1.0" />
			<Add library="fl_imgtk" />
			<Add library="fltk" />
			<Add library="fltk_images" />
			<Add library="ole32" />
			<Add library="uuid" />
			<Add library="comctl32" />
			<Add library="wsock32" />
			<Add library="m" />
			<Add library="gdi32" />
			<Add library="user32" />
			<Add library="kernel32" />
			<Add directory="$(#fl.lib)" />
			<Add directory="$(#msyslocal.lib)" />
			<Add directory="../lib" />
			<Add directory="lib" />
		</Linker>
		<Unit filename="include/fl_imgtk.h" />
		<Unit filename="include/libuvc/libuvc.h" />
		<Unit filename="include/libuvc/libuvc_config.h" />
		<Unit filename="include/libuvc/libuvc_internal.h" />
		<Unit filename="include/utlist.h" />
		<Unit filename="res/resource.h" />
		<Unit filename="res/resource.rc">
			<Option compilerVar="WINDRES" />
		</Unit>
		<Unit filename="src/main.cpp" />
		<Extensions>
			<code_completion />
			<envvars />
			<debugger />
		</Extensions>
	</Project>
</CodeBlocks_project_file>
